
Microsoft Visual Studio Solution File, Format Version 12.00
# Visual Studio Version 17
VisualStudioVersion = 17.0.31410.414
MinimumVisualStudioVersion = 10.0.40219.1
Project("{2150E333-8FDC-42A3-9474-1A3956D46DE8}") = ".build", ".build", "{4205B27B-0F9D-4FE5-8FC5-8995C60F8EE4}"
	ProjectSection(SolutionItems) = preProject
		.editorconfig = .editorconfig
		Directory.Build.props = Directory.Build.props
		Directory.Build.targets = Directory.Build.targets
		Directory.Packages.props = Directory.Packages.props
		global.json = global.json
		LICENSE = LICENSE
		NuGet.config = NuGet.config
		README.md = README.md
		src\Vortice.MultiTargeting.targets = src\Vortice.MultiTargeting.targets
	EndProjectSection
EndProject
Project("{2150E333-8FDC-42A3-9474-1A3956D46DE8}") = "assets", "assets", "{79F5EB4A-3A5E-4A7F-8884-1D93E9D16E4D}"
EndProject
Project("{2150E333-8FDC-42A3-9474-1A3956D46DE8}") = "modules", "modules", "{DBB12AFC-A70A-4EBB-B670-C542EFD5F01B}"
EndProject
Project("{2150E333-8FDC-42A3-9474-1A3956D46DE8}") = "samples", "samples", "{D8EC0278-B4F9-4EF5-A4BE-FE2284C6ECED}"
EndProject
Project("{2150E333-8FDC-42A3-9474-1A3956D46DE8}") = "tests", "tests", "{861A4A67-56CA-41A3-B395-270AEC746B3D}"
EndProject
Project("{D954291E-2A0B-460D-934E-DC6B0785DB48}") = "TerraFX.Interop.Windows", "src\TerraFX.Interop.Windows\TerraFX.Interop.Windows.shproj", "{514FF00E-BBF0-4D55-A47C-EEEB6208ADCE}"
EndProject
Project("{9A19103F-16F7-4668-BE54-9A1E7A4F7556}") = "Alimer", "src\Alimer\Alimer.csproj", "{EA44EF00-245A-440C-A5E0-A820E6666626}"
EndProject
Project("{9A19103F-16F7-4668-BE54-9A1E7A4F7556}") = "Vortice.Assets", "src\assets\Vortice.Assets\Vortice.Assets.csproj", "{F6A4373B-0A3F-45F1-BA64-7AD30BB7F04C}"
EndProject
Project("{9A19103F-16F7-4668-BE54-9A1E7A4F7556}") = "Vortice.Graphics", "src\Vortice.Graphics\Vortice.Graphics.csproj", "{7F3DB9A3-DB97-428A-92C2-0DFE9AE98B86}"
EndProject
Project("{9A19103F-16F7-4668-BE54-9A1E7A4F7556}") = "Alimer.Physics", "src\Alimer.Physics\Alimer.Physics.csproj", "{BF6CDA2F-2280-41D2-A4CB-A4299E61ED4C}"
EndProject
Project("{9A19103F-16F7-4668-BE54-9A1E7A4F7556}") = "Alimer.Tests", "tests\Alimer.Tests\Alimer.Tests.csproj", "{0944344B-D7A6-4495-A6D4-08B5C5EEF0B4}"
EndProject
Project("{9A19103F-16F7-4668-BE54-9A1E7A4F7556}") = "Alimer.Samples", "samples\Alimer.Samples\Alimer.Samples.csproj", "{0DB41C96-7D02-41EE-8E7B-F2B1024A8659}"
EndProject
Project("{9A19103F-16F7-4668-BE54-9A1E7A4F7556}") = "Vortice.Shaders", "src\assets\Vortice.Shaders\Vortice.Shaders.csproj", "{F050BF61-8EA2-4ED2-A1F3-6D3AE182EC66}"
EndProject
Project("{9A19103F-16F7-4668-BE54-9A1E7A4F7556}") = "Alimer.Engine", "src\Alimer.Engine\Alimer.Engine.csproj", "{591C90AA-202D-48AE-A962-883F090726F0}"
EndProject
Project("{2150E333-8FDC-42A3-9474-1A3956D46DE8}") = "Audio", "Audio", "{6BF1CCB8-E6A3-44A3-AAD1-16C1F4F346A7}"
EndProject
Project("{2150E333-8FDC-42A3-9474-1A3956D46DE8}") = "Platform", "Platform", "{43093620-1B2D-4BD7-8E9E-2ACAFA4D8967}"
EndProject
Project("{9A19103F-16F7-4668-BE54-9A1E7A4F7556}") = "Alimer.Platform.SDL", "src\modules\Alimer.Platform.SDL\Alimer.Platform.SDL.csproj", "{3B1CA2ED-D457-4482-8F37-C2B22E24EC8C}"
EndProject
Project("{9A19103F-16F7-4668-BE54-9A1E7A4F7556}") = "Alimer.Audio.OpenAL", "src\modules\Alimer.Audio.OpenAL\Alimer.Audio.OpenAL.csproj", "{40972442-4561-4C3C-9876-8682812EA666}"
EndProject
Project("{9A19103F-16F7-4668-BE54-9A1E7A4F7556}") = "Alimer.Audio.XAudio2", "src\modules\Alimer.Audio.XAudio2\Alimer.Audio.XAudio2.csproj", "{6AEFCC5A-AE72-40AE-8FEC-03070A861029}"
EndProject
Global
	GlobalSection(SolutionConfigurationPlatforms) = preSolution
		Debug|Any CPU = Debug|Any CPU
		Debug|ARM64 = Debug|ARM64
		Debug|x64 = Debug|x64
		Release|Any CPU = Release|Any CPU
		Release|ARM64 = Release|ARM64
		Release|x64 = Release|x64
	EndGlobalSection
	GlobalSection(ProjectConfigurationPlatforms) = postSolution
		{EA44EF00-245A-440C-A5E0-A820E6666626}.Debug|Any CPU.ActiveCfg = Debug|Any CPU
		{EA44EF00-245A-440C-A5E0-A820E6666626}.Debug|Any CPU.Build.0 = Debug|Any CPU
		{EA44EF00-245A-440C-A5E0-A820E6666626}.Debug|ARM64.ActiveCfg = Debug|Any CPU
		{EA44EF00-245A-440C-A5E0-A820E6666626}.Debug|ARM64.Build.0 = Debug|Any CPU
		{EA44EF00-245A-440C-A5E0-A820E6666626}.Debug|x64.ActiveCfg = Debug|Any CPU
		{EA44EF00-245A-440C-A5E0-A820E6666626}.Debug|x64.Build.0 = Debug|Any CPU
		{EA44EF00-245A-440C-A5E0-A820E6666626}.Release|Any CPU.ActiveCfg = Release|Any CPU
		{EA44EF00-245A-440C-A5E0-A820E6666626}.Release|Any CPU.Build.0 = Release|Any CPU
		{EA44EF00-245A-440C-A5E0-A820E6666626}.Release|ARM64.ActiveCfg = Release|Any CPU
		{EA44EF00-245A-440C-A5E0-A820E6666626}.Release|ARM64.Build.0 = Release|Any CPU
		{EA44EF00-245A-440C-A5E0-A820E6666626}.Release|x64.ActiveCfg = Release|Any CPU
		{EA44EF00-245A-440C-A5E0-A820E6666626}.Release|x64.Build.0 = Release|Any CPU
		{F6A4373B-0A3F-45F1-BA64-7AD30BB7F04C}.Debug|Any CPU.ActiveCfg = Debug|Any CPU
		{F6A4373B-0A3F-45F1-BA64-7AD30BB7F04C}.Debug|Any CPU.Build.0 = Debug|Any CPU
		{F6A4373B-0A3F-45F1-BA64-7AD30BB7F04C}.Debug|ARM64.ActiveCfg = Debug|Any CPU
		{F6A4373B-0A3F-45F1-BA64-7AD30BB7F04C}.Debug|ARM64.Build.0 = Debug|Any CPU
		{F6A4373B-0A3F-45F1-BA64-7AD30BB7F04C}.Debug|x64.ActiveCfg = Debug|Any CPU
		{F6A4373B-0A3F-45F1-BA64-7AD30BB7F04C}.Debug|x64.Build.0 = Debug|Any CPU
		{F6A4373B-0A3F-45F1-BA64-7AD30BB7F04C}.Release|Any CPU.ActiveCfg = Release|Any CPU
		{F6A4373B-0A3F-45F1-BA64-7AD30BB7F04C}.Release|Any CPU.Build.0 = Release|Any CPU
		{F6A4373B-0A3F-45F1-BA64-7AD30BB7F04C}.Release|ARM64.ActiveCfg = Release|Any CPU
		{F6A4373B-0A3F-45F1-BA64-7AD30BB7F04C}.Release|ARM64.Build.0 = Release|Any CPU
		{F6A4373B-0A3F-45F1-BA64-7AD30BB7F04C}.Release|x64.ActiveCfg = Release|Any CPU
		{F6A4373B-0A3F-45F1-BA64-7AD30BB7F04C}.Release|x64.Build.0 = Release|Any CPU
		{7F3DB9A3-DB97-428A-92C2-0DFE9AE98B86}.Debug|Any CPU.ActiveCfg = Debug|Any CPU
		{7F3DB9A3-DB97-428A-92C2-0DFE9AE98B86}.Debug|Any CPU.Build.0 = Debug|Any CPU
		{7F3DB9A3-DB97-428A-92C2-0DFE9AE98B86}.Debug|ARM64.ActiveCfg = Debug|Any CPU
		{7F3DB9A3-DB97-428A-92C2-0DFE9AE98B86}.Debug|ARM64.Build.0 = Debug|Any CPU
		{7F3DB9A3-DB97-428A-92C2-0DFE9AE98B86}.Debug|x64.ActiveCfg = Debug|Any CPU
		{7F3DB9A3-DB97-428A-92C2-0DFE9AE98B86}.Debug|x64.Build.0 = Debug|Any CPU
		{7F3DB9A3-DB97-428A-92C2-0DFE9AE98B86}.Release|Any CPU.ActiveCfg = Release|Any CPU
		{7F3DB9A3-DB97-428A-92C2-0DFE9AE98B86}.Release|Any CPU.Build.0 = Release|Any CPU
		{7F3DB9A3-DB97-428A-92C2-0DFE9AE98B86}.Release|ARM64.ActiveCfg = Release|Any CPU
		{7F3DB9A3-DB97-428A-92C2-0DFE9AE98B86}.Release|ARM64.Build.0 = Release|Any CPU
		{7F3DB9A3-DB97-428A-92C2-0DFE9AE98B86}.Release|x64.ActiveCfg = Release|Any CPU
		{7F3DB9A3-DB97-428A-92C2-0DFE9AE98B86}.Release|x64.Build.0 = Release|Any CPU
		{BF6CDA2F-2280-41D2-A4CB-A4299E61ED4C}.Debug|Any CPU.ActiveCfg = Debug|Any CPU
		{BF6CDA2F-2280-41D2-A4CB-A4299E61ED4C}.Debug|Any CPU.Build.0 = Debug|Any CPU
		{BF6CDA2F-2280-41D2-A4CB-A4299E61ED4C}.Debug|ARM64.ActiveCfg = Debug|Any CPU
		{BF6CDA2F-2280-41D2-A4CB-A4299E61ED4C}.Debug|ARM64.Build.0 = Debug|Any CPU
		{BF6CDA2F-2280-41D2-A4CB-A4299E61ED4C}.Debug|x64.ActiveCfg = Debug|Any CPU
		{BF6CDA2F-2280-41D2-A4CB-A4299E61ED4C}.Debug|x64.Build.0 = Debug|Any CPU
		{BF6CDA2F-2280-41D2-A4CB-A4299E61ED4C}.Release|Any CPU.ActiveCfg = Release|Any CPU
		{BF6CDA2F-2280-41D2-A4CB-A4299E61ED4C}.Release|Any CPU.Build.0 = Release|Any CPU
		{BF6CDA2F-2280-41D2-A4CB-A4299E61ED4C}.Release|ARM64.ActiveCfg = Release|Any CPU
		{BF6CDA2F-2280-41D2-A4CB-A4299E61ED4C}.Release|ARM64.Build.0 = Release|Any CPU
		{BF6CDA2F-2280-41D2-A4CB-A4299E61ED4C}.Release|x64.ActiveCfg = Release|Any CPU
		{BF6CDA2F-2280-41D2-A4CB-A4299E61ED4C}.Release|x64.Build.0 = Release|Any CPU
		{0944344B-D7A6-4495-A6D4-08B5C5EEF0B4}.Debug|Any CPU.ActiveCfg = Debug|Any CPU
		{0944344B-D7A6-4495-A6D4-08B5C5EEF0B4}.Debug|Any CPU.Build.0 = Debug|Any CPU
		{0944344B-D7A6-4495-A6D4-08B5C5EEF0B4}.Debug|ARM64.ActiveCfg = Debug|Any CPU
		{0944344B-D7A6-4495-A6D4-08B5C5EEF0B4}.Debug|ARM64.Build.0 = Debug|Any CPU
		{0944344B-D7A6-4495-A6D4-08B5C5EEF0B4}.Debug|x64.ActiveCfg = Debug|Any CPU
		{0944344B-D7A6-4495-A6D4-08B5C5EEF0B4}.Debug|x64.Build.0 = Debug|Any CPU
		{0944344B-D7A6-4495-A6D4-08B5C5EEF0B4}.Release|Any CPU.ActiveCfg = Release|Any CPU
		{0944344B-D7A6-4495-A6D4-08B5C5EEF0B4}.Release|Any CPU.Build.0 = Release|Any CPU
		{0944344B-D7A6-4495-A6D4-08B5C5EEF0B4}.Release|ARM64.ActiveCfg = Release|Any CPU
		{0944344B-D7A6-4495-A6D4-08B5C5EEF0B4}.Release|ARM64.Build.0 = Release|Any CPU
		{0944344B-D7A6-4495-A6D4-08B5C5EEF0B4}.Release|x64.ActiveCfg = Release|Any CPU
		{0944344B-D7A6-4495-A6D4-08B5C5EEF0B4}.Release|x64.Build.0 = Release|Any CPU
		{0DB41C96-7D02-41EE-8E7B-F2B1024A8659}.Debug|Any CPU.ActiveCfg = Debug|Any CPU
		{0DB41C96-7D02-41EE-8E7B-F2B1024A8659}.Debug|Any CPU.Build.0 = Debug|Any CPU
		{0DB41C96-7D02-41EE-8E7B-F2B1024A8659}.Debug|ARM64.ActiveCfg = Debug|Any CPU
		{0DB41C96-7D02-41EE-8E7B-F2B1024A8659}.Debug|ARM64.Build.0 = Debug|Any CPU
		{0DB41C96-7D02-41EE-8E7B-F2B1024A8659}.Debug|x64.ActiveCfg = Debug|Any CPU
		{0DB41C96-7D02-41EE-8E7B-F2B1024A8659}.Debug|x64.Build.0 = Debug|Any CPU
		{0DB41C96-7D02-41EE-8E7B-F2B1024A8659}.Release|Any CPU.ActiveCfg = Release|Any CPU
		{0DB41C96-7D02-41EE-8E7B-F2B1024A8659}.Release|Any CPU.Build.0 = Release|Any CPU
		{0DB41C96-7D02-41EE-8E7B-F2B1024A8659}.Release|ARM64.ActiveCfg = Release|Any CPU
		{0DB41C96-7D02-41EE-8E7B-F2B1024A8659}.Release|ARM64.Build.0 = Release|Any CPU
		{0DB41C96-7D02-41EE-8E7B-F2B1024A8659}.Release|x64.ActiveCfg = Release|Any CPU
		{0DB41C96-7D02-41EE-8E7B-F2B1024A8659}.Release|x64.Build.0 = Release|Any CPU
		{F050BF61-8EA2-4ED2-A1F3-6D3AE182EC66}.Debug|Any CPU.ActiveCfg = Debug|Any CPU
		{F050BF61-8EA2-4ED2-A1F3-6D3AE182EC66}.Debug|Any CPU.Build.0 = Debug|Any CPU
		{F050BF61-8EA2-4ED2-A1F3-6D3AE182EC66}.Debug|ARM64.ActiveCfg = Debug|Any CPU
		{F050BF61-8EA2-4ED2-A1F3-6D3AE182EC66}.Debug|ARM64.Build.0 = Debug|Any CPU
		{F050BF61-8EA2-4ED2-A1F3-6D3AE182EC66}.Debug|x64.ActiveCfg = Debug|Any CPU
		{F050BF61-8EA2-4ED2-A1F3-6D3AE182EC66}.Debug|x64.Build.0 = Debug|Any CPU
		{F050BF61-8EA2-4ED2-A1F3-6D3AE182EC66}.Release|Any CPU.ActiveCfg = Release|Any CPU
		{F050BF61-8EA2-4ED2-A1F3-6D3AE182EC66}.Release|Any CPU.Build.0 = Release|Any CPU
		{F050BF61-8EA2-4ED2-A1F3-6D3AE182EC66}.Release|ARM64.ActiveCfg = Release|Any CPU
		{F050BF61-8EA2-4ED2-A1F3-6D3AE182EC66}.Release|ARM64.Build.0 = Release|Any CPU
		{F050BF61-8EA2-4ED2-A1F3-6D3AE182EC66}.Release|x64.ActiveCfg = Release|Any CPU
		{F050BF61-8EA2-4ED2-A1F3-6D3AE182EC66}.Release|x64.Build.0 = Release|Any CPU
		{591C90AA-202D-48AE-A962-883F090726F0}.Debug|Any CPU.ActiveCfg = Debug|Any CPU
		{591C90AA-202D-48AE-A962-883F090726F0}.Debug|Any CPU.Build.0 = Debug|Any CPU
		{591C90AA-202D-48AE-A962-883F090726F0}.Debug|ARM64.ActiveCfg = Debug|Any CPU
		{591C90AA-202D-48AE-A962-883F090726F0}.Debug|ARM64.Build.0 = Debug|Any CPU
		{591C90AA-202D-48AE-A962-883F090726F0}.Debug|x64.ActiveCfg = Debug|Any CPU
		{591C90AA-202D-48AE-A962-883F090726F0}.Debug|x64.Build.0 = Debug|Any CPU
		{591C90AA-202D-48AE-A962-883F090726F0}.Release|Any CPU.ActiveCfg = Release|Any CPU
		{591C90AA-202D-48AE-A962-883F090726F0}.Release|Any CPU.Build.0 = Release|Any CPU
		{591C90AA-202D-48AE-A962-883F090726F0}.Release|ARM64.ActiveCfg = Release|Any CPU
		{591C90AA-202D-48AE-A962-883F090726F0}.Release|ARM64.Build.0 = Release|Any CPU
		{591C90AA-202D-48AE-A962-883F090726F0}.Release|x64.ActiveCfg = Release|Any CPU
		{591C90AA-202D-48AE-A962-883F090726F0}.Release|x64.Build.0 = Release|Any CPU
		{40972442-4561-4C3C-9876-8682812EA666}.Debug|Any CPU.ActiveCfg = Debug|Any CPU
		{40972442-4561-4C3C-9876-8682812EA666}.Debug|Any CPU.Build.0 = Debug|Any CPU
		{40972442-4561-4C3C-9876-8682812EA666}.Debug|ARM64.ActiveCfg = Debug|Any CPU
		{40972442-4561-4C3C-9876-8682812EA666}.Debug|ARM64.Build.0 = Debug|Any CPU
		{40972442-4561-4C3C-9876-8682812EA666}.Debug|x64.ActiveCfg = Debug|Any CPU
		{40972442-4561-4C3C-9876-8682812EA666}.Debug|x64.Build.0 = Debug|Any CPU
		{40972442-4561-4C3C-9876-8682812EA666}.Release|Any CPU.ActiveCfg = Release|Any CPU
		{40972442-4561-4C3C-9876-8682812EA666}.Release|Any CPU.Build.0 = Release|Any CPU
		{40972442-4561-4C3C-9876-8682812EA666}.Release|ARM64.ActiveCfg = Release|Any CPU
		{40972442-4561-4C3C-9876-8682812EA666}.Release|ARM64.Build.0 = Release|Any CPU
		{40972442-4561-4C3C-9876-8682812EA666}.Release|x64.ActiveCfg = Release|Any CPU
		{40972442-4561-4C3C-9876-8682812EA666}.Release|x64.Build.0 = Release|Any CPU
		{6AEFCC5A-AE72-40AE-8FEC-03070A861029}.Debug|Any CPU.ActiveCfg = Debug|Any CPU
		{6AEFCC5A-AE72-40AE-8FEC-03070A861029}.Debug|Any CPU.Build.0 = Debug|Any CPU
		{6AEFCC5A-AE72-40AE-8FEC-03070A861029}.Debug|ARM64.ActiveCfg = Debug|Any CPU
		{6AEFCC5A-AE72-40AE-8FEC-03070A861029}.Debug|ARM64.Build.0 = Debug|Any CPU
		{6AEFCC5A-AE72-40AE-8FEC-03070A861029}.Debug|x64.ActiveCfg = Debug|Any CPU
		{6AEFCC5A-AE72-40AE-8FEC-03070A861029}.Debug|x64.Build.0 = Debug|Any CPU
		{6AEFCC5A-AE72-40AE-8FEC-03070A861029}.Release|Any CPU.ActiveCfg = Release|Any CPU
		{6AEFCC5A-AE72-40AE-8FEC-03070A861029}.Release|Any CPU.Build.0 = Release|Any CPU
		{6AEFCC5A-AE72-40AE-8FEC-03070A861029}.Release|ARM64.ActiveCfg = Release|Any CPU
		{6AEFCC5A-AE72-40AE-8FEC-03070A861029}.Release|ARM64.Build.0 = Release|Any CPU
		{6AEFCC5A-AE72-40AE-8FEC-03070A861029}.Release|x64.ActiveCfg = Release|Any CPU
		{6AEFCC5A-AE72-40AE-8FEC-03070A861029}.Release|x64.Build.0 = Release|Any CPU
		{3B1CA2ED-D457-4482-8F37-C2B22E24EC8C}.Debug|Any CPU.ActiveCfg = Debug|Any CPU
		{3B1CA2ED-D457-4482-8F37-C2B22E24EC8C}.Debug|Any CPU.Build.0 = Debug|Any CPU
		{3B1CA2ED-D457-4482-8F37-C2B22E24EC8C}.Debug|ARM64.ActiveCfg = Debug|Any CPU
		{3B1CA2ED-D457-4482-8F37-C2B22E24EC8C}.Debug|ARM64.Build.0 = Debug|Any CPU
		{3B1CA2ED-D457-4482-8F37-C2B22E24EC8C}.Debug|x64.ActiveCfg = Debug|Any CPU
		{3B1CA2ED-D457-4482-8F37-C2B22E24EC8C}.Debug|x64.Build.0 = Debug|Any CPU
		{3B1CA2ED-D457-4482-8F37-C2B22E24EC8C}.Release|Any CPU.ActiveCfg = Release|Any CPU
		{3B1CA2ED-D457-4482-8F37-C2B22E24EC8C}.Release|Any CPU.Build.0 = Release|Any CPU
		{3B1CA2ED-D457-4482-8F37-C2B22E24EC8C}.Release|ARM64.ActiveCfg = Release|Any CPU
		{3B1CA2ED-D457-4482-8F37-C2B22E24EC8C}.Release|ARM64.Build.0 = Release|Any CPU
		{3B1CA2ED-D457-4482-8F37-C2B22E24EC8C}.Release|x64.ActiveCfg = Release|Any CPU
		{3B1CA2ED-D457-4482-8F37-C2B22E24EC8C}.Release|x64.Build.0 = Release|Any CPU
	EndGlobalSection
	GlobalSection(SolutionProperties) = preSolution
		HideSolutionNode = FALSE
	EndGlobalSection
	GlobalSection(NestedProjects) = preSolution
		{F6A4373B-0A3F-45F1-BA64-7AD30BB7F04C} = {79F5EB4A-3A5E-4A7F-8884-1D93E9D16E4D}
		{0944344B-D7A6-4495-A6D4-08B5C5EEF0B4} = {861A4A67-56CA-41A3-B395-270AEC746B3D}
		{0DB41C96-7D02-41EE-8E7B-F2B1024A8659} = {D8EC0278-B4F9-4EF5-A4BE-FE2284C6ECED}
		{F050BF61-8EA2-4ED2-A1F3-6D3AE182EC66} = {79F5EB4A-3A5E-4A7F-8884-1D93E9D16E4D}
		{40972442-4561-4C3C-9876-8682812EA666} = {6BF1CCB8-E6A3-44A3-AAD1-16C1F4F346A7}
		{6AEFCC5A-AE72-40AE-8FEC-03070A861029} = {6BF1CCB8-E6A3-44A3-AAD1-16C1F4F346A7}
		{6BF1CCB8-E6A3-44A3-AAD1-16C1F4F346A7} = {DBB12AFC-A70A-4EBB-B670-C542EFD5F01B}
		{43093620-1B2D-4BD7-8E9E-2ACAFA4D8967} = {DBB12AFC-A70A-4EBB-B670-C542EFD5F01B}
		{3B1CA2ED-D457-4482-8F37-C2B22E24EC8C} = {43093620-1B2D-4BD7-8E9E-2ACAFA4D8967}
	EndGlobalSection
	GlobalSection(ExtensibilityGlobals) = postSolution
		SolutionGuid = {85020CE7-9EF6-4502-94F6-98643E762B78}
	EndGlobalSection
	GlobalSection(SharedMSBuildProjectFiles) = preSolution
		src\TerraFX.Interop.Windows\TerraFX.Interop.Windows.projitems*{514ff00e-bbf0-4d55-a47c-eeeb6208adce}*SharedItemsImports = 13
		src\TerraFX.Interop.Windows\TerraFX.Interop.Windows.projitems*{6aefcc5a-ae72-40ae-8fec-03070a861029}*SharedItemsImports = 5
		src\TerraFX.Interop.Windows\TerraFX.Interop.Windows.projitems*{f050bf61-8ea2-4ed2-a1f3-6d3ae182ec66}*SharedItemsImports = 5
	EndGlobalSection
EndGlobal
