
Microsoft Visual Studio Solution File, Format Version 12.00
# Visual Studio Version 17
VisualStudioVersion = 17.0.31410.414
MinimumVisualStudioVersion = 10.0.40219.1
Project("{2150E333-8FDC-42A3-9474-1A3956D46DE8}") = ".build", ".build", "{4205B27B-0F9D-4FE5-8FC5-8995C60F8EE4}"
	ProjectSection(SolutionItems) = preProject
		.editorconfig = .editorconfig
		Directory.Build.props = Directory.Build.props
		Directory.Build.targets = Directory.Build.targets
		global.json = global.json
		LICENSE = LICENSE
		NuGet.config = NuGet.config
		README.md = README.md
		version.json = version.json
	EndProjectSection
EndProject
Project("{9A19103F-16F7-4668-BE54-9A1E7A4F7556}") = "Vortice", "src\Vortice\Vortice.csproj", "{EA44EF00-245A-440C-A5E0-A820E6666626}"
EndProject
Project("{2150E333-8FDC-42A3-9474-1A3956D46DE8}") = "Platforms", "Platforms", "{CA892A10-463B-4439-B5AA-D15C168D9117}"
EndProject
Project("{9A19103F-16F7-4668-BE54-9A1E7A4F7556}") = "Vortice.Platform.Windows", "src\Platforms\Vortice.Platform.Windows\Vortice.Platform.Windows.csproj", "{FD2D8DBB-FD8B-4DA0-A251-3C88AF1CE9F7}"
EndProject
Project("{9A19103F-16F7-4668-BE54-9A1E7A4F7556}") = "Vortice.Platform.SDL2", "src\Platforms\Vortice.Platform.SDL2\Vortice.Platform.SDL2.csproj", "{E7888A66-50C2-427D-9B47-5A924EB3A1DB}"
EndProject
Project("{9A19103F-16F7-4668-BE54-9A1E7A4F7556}") = "Vortice.Assets", "src\Vortice.Assets\Vortice.Assets.csproj", "{F6A4373B-0A3F-45F1-BA64-7AD30BB7F04C}"
EndProject
Project("{2150E333-8FDC-42A3-9474-1A3956D46DE8}") = "Samples", "Samples", "{D8EC0278-B4F9-4EF5-A4BE-FE2284C6ECED}"
EndProject
Project("{9A19103F-16F7-4668-BE54-9A1E7A4F7556}") = "Vortice.Samples", "src\samples\Vortice.Samples\Vortice.Samples.csproj", "{0DB41C96-7D02-41EE-8E7B-F2B1024A8659}"
EndProject
Project("{9A19103F-16F7-4668-BE54-9A1E7A4F7556}") = "Vortice.Samples.Windows", "src\samples\Vortice.Samples.Windows\Vortice.Samples.Windows.csproj", "{96F40ED5-9D9E-4D06-A308-BA76E0F3616C}"
EndProject
Project("{9A19103F-16F7-4668-BE54-9A1E7A4F7556}") = "Vortice.Samples.SDL2", "src\samples\Vortice.Samples.SDL2\Vortice.Samples.SDL2.csproj", "{75D7E79F-6D04-431B-A268-7BB61925B75B}"
EndProject
Project("{9A19103F-16F7-4668-BE54-9A1E7A4F7556}") = "Vortice.Graphics", "src\Vortice.Graphics\Vortice.Graphics.csproj", "{C2B70883-79CC-4216-886F-5F5EF0662924}"
EndProject
Project("{9A19103F-16F7-4668-BE54-9A1E7A4F7556}") = "Vortice.Audio", "src\Vortice.Audio\Vortice.Audio.csproj", "{D09566A4-693D-495A-B02D-C2CC1FCFEC2B}"
EndProject
Global
	GlobalSection(SolutionConfigurationPlatforms) = preSolution
		Debug|Any CPU = Debug|Any CPU
		Debug|ARM64 = Debug|ARM64
		Debug|x64 = Debug|x64
		Release|Any CPU = Release|Any CPU
		Release|ARM64 = Release|ARM64
		Release|x64 = Release|x64
	EndGlobalSection
	GlobalSection(ProjectConfigurationPlatforms) = postSolution
		{EA44EF00-245A-440C-A5E0-A820E6666626}.Debug|Any CPU.ActiveCfg = Debug|Any CPU
		{EA44EF00-245A-440C-A5E0-A820E6666626}.Debug|Any CPU.Build.0 = Debug|Any CPU
		{EA44EF00-245A-440C-A5E0-A820E6666626}.Debug|ARM64.ActiveCfg = Debug|Any CPU
		{EA44EF00-245A-440C-A5E0-A820E6666626}.Debug|ARM64.Build.0 = Debug|Any CPU
		{EA44EF00-245A-440C-A5E0-A820E6666626}.Debug|x64.ActiveCfg = Debug|Any CPU
		{EA44EF00-245A-440C-A5E0-A820E6666626}.Debug|x64.Build.0 = Debug|Any CPU
		{EA44EF00-245A-440C-A5E0-A820E6666626}.Release|Any CPU.ActiveCfg = Release|Any CPU
		{EA44EF00-245A-440C-A5E0-A820E6666626}.Release|Any CPU.Build.0 = Release|Any CPU
		{EA44EF00-245A-440C-A5E0-A820E6666626}.Release|ARM64.ActiveCfg = Release|Any CPU
		{EA44EF00-245A-440C-A5E0-A820E6666626}.Release|ARM64.Build.0 = Release|Any CPU
		{EA44EF00-245A-440C-A5E0-A820E6666626}.Release|x64.ActiveCfg = Release|Any CPU
		{EA44EF00-245A-440C-A5E0-A820E6666626}.Release|x64.Build.0 = Release|Any CPU
		{FD2D8DBB-FD8B-4DA0-A251-3C88AF1CE9F7}.Debug|Any CPU.ActiveCfg = Debug|Any CPU
		{FD2D8DBB-FD8B-4DA0-A251-3C88AF1CE9F7}.Debug|Any CPU.Build.0 = Debug|Any CPU
		{FD2D8DBB-FD8B-4DA0-A251-3C88AF1CE9F7}.Debug|ARM64.ActiveCfg = Debug|Any CPU
		{FD2D8DBB-FD8B-4DA0-A251-3C88AF1CE9F7}.Debug|ARM64.Build.0 = Debug|Any CPU
		{FD2D8DBB-FD8B-4DA0-A251-3C88AF1CE9F7}.Debug|x64.ActiveCfg = Debug|Any CPU
		{FD2D8DBB-FD8B-4DA0-A251-3C88AF1CE9F7}.Debug|x64.Build.0 = Debug|Any CPU
		{FD2D8DBB-FD8B-4DA0-A251-3C88AF1CE9F7}.Release|Any CPU.ActiveCfg = Release|Any CPU
		{FD2D8DBB-FD8B-4DA0-A251-3C88AF1CE9F7}.Release|Any CPU.Build.0 = Release|Any CPU
		{FD2D8DBB-FD8B-4DA0-A251-3C88AF1CE9F7}.Release|ARM64.ActiveCfg = Release|Any CPU
		{FD2D8DBB-FD8B-4DA0-A251-3C88AF1CE9F7}.Release|ARM64.Build.0 = Release|Any CPU
		{FD2D8DBB-FD8B-4DA0-A251-3C88AF1CE9F7}.Release|x64.ActiveCfg = Release|Any CPU
		{FD2D8DBB-FD8B-4DA0-A251-3C88AF1CE9F7}.Release|x64.Build.0 = Release|Any CPU
		{E7888A66-50C2-427D-9B47-5A924EB3A1DB}.Debug|Any CPU.ActiveCfg = Debug|Any CPU
		{E7888A66-50C2-427D-9B47-5A924EB3A1DB}.Debug|Any CPU.Build.0 = Debug|Any CPU
		{E7888A66-50C2-427D-9B47-5A924EB3A1DB}.Debug|ARM64.ActiveCfg = Debug|Any CPU
		{E7888A66-50C2-427D-9B47-5A924EB3A1DB}.Debug|ARM64.Build.0 = Debug|Any CPU
		{E7888A66-50C2-427D-9B47-5A924EB3A1DB}.Debug|x64.ActiveCfg = Debug|Any CPU
		{E7888A66-50C2-427D-9B47-5A924EB3A1DB}.Debug|x64.Build.0 = Debug|Any CPU
		{E7888A66-50C2-427D-9B47-5A924EB3A1DB}.Release|Any CPU.ActiveCfg = Release|Any CPU
		{E7888A66-50C2-427D-9B47-5A924EB3A1DB}.Release|Any CPU.Build.0 = Release|Any CPU
		{E7888A66-50C2-427D-9B47-5A924EB3A1DB}.Release|ARM64.ActiveCfg = Release|Any CPU
		{E7888A66-50C2-427D-9B47-5A924EB3A1DB}.Release|ARM64.Build.0 = Release|Any CPU
		{E7888A66-50C2-427D-9B47-5A924EB3A1DB}.Release|x64.ActiveCfg = Release|Any CPU
		{E7888A66-50C2-427D-9B47-5A924EB3A1DB}.Release|x64.Build.0 = Release|Any CPU
		{F6A4373B-0A3F-45F1-BA64-7AD30BB7F04C}.Debug|Any CPU.ActiveCfg = Debug|Any CPU
		{F6A4373B-0A3F-45F1-BA64-7AD30BB7F04C}.Debug|Any CPU.Build.0 = Debug|Any CPU
		{F6A4373B-0A3F-45F1-BA64-7AD30BB7F04C}.Debug|ARM64.ActiveCfg = Debug|Any CPU
		{F6A4373B-0A3F-45F1-BA64-7AD30BB7F04C}.Debug|ARM64.Build.0 = Debug|Any CPU
		{F6A4373B-0A3F-45F1-BA64-7AD30BB7F04C}.Debug|x64.ActiveCfg = Debug|Any CPU
		{F6A4373B-0A3F-45F1-BA64-7AD30BB7F04C}.Debug|x64.Build.0 = Debug|Any CPU
		{F6A4373B-0A3F-45F1-BA64-7AD30BB7F04C}.Release|Any CPU.ActiveCfg = Release|Any CPU
		{F6A4373B-0A3F-45F1-BA64-7AD30BB7F04C}.Release|Any CPU.Build.0 = Release|Any CPU
		{F6A4373B-0A3F-45F1-BA64-7AD30BB7F04C}.Release|ARM64.ActiveCfg = Release|Any CPU
		{F6A4373B-0A3F-45F1-BA64-7AD30BB7F04C}.Release|ARM64.Build.0 = Release|Any CPU
		{F6A4373B-0A3F-45F1-BA64-7AD30BB7F04C}.Release|x64.ActiveCfg = Release|Any CPU
		{F6A4373B-0A3F-45F1-BA64-7AD30BB7F04C}.Release|x64.Build.0 = Release|Any CPU
		{0DB41C96-7D02-41EE-8E7B-F2B1024A8659}.Debug|Any CPU.ActiveCfg = Debug|Any CPU
		{0DB41C96-7D02-41EE-8E7B-F2B1024A8659}.Debug|Any CPU.Build.0 = Debug|Any CPU
		{0DB41C96-7D02-41EE-8E7B-F2B1024A8659}.Debug|ARM64.ActiveCfg = Debug|Any CPU
		{0DB41C96-7D02-41EE-8E7B-F2B1024A8659}.Debug|ARM64.Build.0 = Debug|Any CPU
		{0DB41C96-7D02-41EE-8E7B-F2B1024A8659}.Debug|x64.ActiveCfg = Debug|Any CPU
		{0DB41C96-7D02-41EE-8E7B-F2B1024A8659}.Debug|x64.Build.0 = Debug|Any CPU
		{0DB41C96-7D02-41EE-8E7B-F2B1024A8659}.Release|Any CPU.ActiveCfg = Release|Any CPU
		{0DB41C96-7D02-41EE-8E7B-F2B1024A8659}.Release|Any CPU.Build.0 = Release|Any CPU
		{0DB41C96-7D02-41EE-8E7B-F2B1024A8659}.Release|ARM64.ActiveCfg = Release|Any CPU
		{0DB41C96-7D02-41EE-8E7B-F2B1024A8659}.Release|ARM64.Build.0 = Release|Any CPU
		{0DB41C96-7D02-41EE-8E7B-F2B1024A8659}.Release|x64.ActiveCfg = Release|Any CPU
		{0DB41C96-7D02-41EE-8E7B-F2B1024A8659}.Release|x64.Build.0 = Release|Any CPU
		{96F40ED5-9D9E-4D06-A308-BA76E0F3616C}.Debug|Any CPU.ActiveCfg = Debug|Any CPU
		{96F40ED5-9D9E-4D06-A308-BA76E0F3616C}.Debug|Any CPU.Build.0 = Debug|Any CPU
		{96F40ED5-9D9E-4D06-A308-BA76E0F3616C}.Debug|ARM64.ActiveCfg = Debug|Any CPU
		{96F40ED5-9D9E-4D06-A308-BA76E0F3616C}.Debug|ARM64.Build.0 = Debug|Any CPU
		{96F40ED5-9D9E-4D06-A308-BA76E0F3616C}.Debug|x64.ActiveCfg = Debug|Any CPU
		{96F40ED5-9D9E-4D06-A308-BA76E0F3616C}.Debug|x64.Build.0 = Debug|Any CPU
		{96F40ED5-9D9E-4D06-A308-BA76E0F3616C}.Release|Any CPU.ActiveCfg = Release|Any CPU
		{96F40ED5-9D9E-4D06-A308-BA76E0F3616C}.Release|Any CPU.Build.0 = Release|Any CPU
		{96F40ED5-9D9E-4D06-A308-BA76E0F3616C}.Release|ARM64.ActiveCfg = Release|Any CPU
		{96F40ED5-9D9E-4D06-A308-BA76E0F3616C}.Release|ARM64.Build.0 = Release|Any CPU
		{96F40ED5-9D9E-4D06-A308-BA76E0F3616C}.Release|x64.ActiveCfg = Release|Any CPU
		{96F40ED5-9D9E-4D06-A308-BA76E0F3616C}.Release|x64.Build.0 = Release|Any CPU
		{75D7E79F-6D04-431B-A268-7BB61925B75B}.Debug|Any CPU.ActiveCfg = Debug|Any CPU
		{75D7E79F-6D04-431B-A268-7BB61925B75B}.Debug|Any CPU.Build.0 = Debug|Any CPU
		{75D7E79F-6D04-431B-A268-7BB61925B75B}.Debug|ARM64.ActiveCfg = Debug|Any CPU
		{75D7E79F-6D04-431B-A268-7BB61925B75B}.Debug|ARM64.Build.0 = Debug|Any CPU
		{75D7E79F-6D04-431B-A268-7BB61925B75B}.Debug|x64.ActiveCfg = Debug|Any CPU
		{75D7E79F-6D04-431B-A268-7BB61925B75B}.Debug|x64.Build.0 = Debug|Any CPU
		{75D7E79F-6D04-431B-A268-7BB61925B75B}.Release|Any CPU.ActiveCfg = Release|Any CPU
		{75D7E79F-6D04-431B-A268-7BB61925B75B}.Release|Any CPU.Build.0 = Release|Any CPU
		{75D7E79F-6D04-431B-A268-7BB61925B75B}.Release|ARM64.ActiveCfg = Release|Any CPU
		{75D7E79F-6D04-431B-A268-7BB61925B75B}.Release|ARM64.Build.0 = Release|Any CPU
		{75D7E79F-6D04-431B-A268-7BB61925B75B}.Release|x64.ActiveCfg = Release|Any CPU
		{75D7E79F-6D04-431B-A268-7BB61925B75B}.Release|x64.Build.0 = Release|Any CPU
		{C2B70883-79CC-4216-886F-5F5EF0662924}.Debug|Any CPU.ActiveCfg = Debug|Any CPU
		{C2B70883-79CC-4216-886F-5F5EF0662924}.Debug|Any CPU.Build.0 = Debug|Any CPU
		{C2B70883-79CC-4216-886F-5F5EF0662924}.Debug|ARM64.ActiveCfg = Debug|Any CPU
		{C2B70883-79CC-4216-886F-5F5EF0662924}.Debug|ARM64.Build.0 = Debug|Any CPU
		{C2B70883-79CC-4216-886F-5F5EF0662924}.Debug|x64.ActiveCfg = Debug|Any CPU
		{C2B70883-79CC-4216-886F-5F5EF0662924}.Debug|x64.Build.0 = Debug|Any CPU
		{C2B70883-79CC-4216-886F-5F5EF0662924}.Release|Any CPU.ActiveCfg = Release|Any CPU
		{C2B70883-79CC-4216-886F-5F5EF0662924}.Release|Any CPU.Build.0 = Release|Any CPU
		{C2B70883-79CC-4216-886F-5F5EF0662924}.Release|ARM64.ActiveCfg = Release|Any CPU
		{C2B70883-79CC-4216-886F-5F5EF0662924}.Release|ARM64.Build.0 = Release|Any CPU
		{C2B70883-79CC-4216-886F-5F5EF0662924}.Release|x64.ActiveCfg = Release|Any CPU
		{C2B70883-79CC-4216-886F-5F5EF0662924}.Release|x64.Build.0 = Release|Any CPU
		{D09566A4-693D-495A-B02D-C2CC1FCFEC2B}.Debug|Any CPU.ActiveCfg = Debug|Any CPU
		{D09566A4-693D-495A-B02D-C2CC1FCFEC2B}.Debug|Any CPU.Build.0 = Debug|Any CPU
		{D09566A4-693D-495A-B02D-C2CC1FCFEC2B}.Debug|ARM64.ActiveCfg = Debug|Any CPU
		{D09566A4-693D-495A-B02D-C2CC1FCFEC2B}.Debug|ARM64.Build.0 = Debug|Any CPU
		{D09566A4-693D-495A-B02D-C2CC1FCFEC2B}.Debug|x64.ActiveCfg = Debug|Any CPU
		{D09566A4-693D-495A-B02D-C2CC1FCFEC2B}.Debug|x64.Build.0 = Debug|Any CPU
		{D09566A4-693D-495A-B02D-C2CC1FCFEC2B}.Release|Any CPU.ActiveCfg = Release|Any CPU
		{D09566A4-693D-495A-B02D-C2CC1FCFEC2B}.Release|Any CPU.Build.0 = Release|Any CPU
		{D09566A4-693D-495A-B02D-C2CC1FCFEC2B}.Release|ARM64.ActiveCfg = Release|Any CPU
		{D09566A4-693D-495A-B02D-C2CC1FCFEC2B}.Release|ARM64.Build.0 = Release|Any CPU
		{D09566A4-693D-495A-B02D-C2CC1FCFEC2B}.Release|x64.ActiveCfg = Release|Any CPU
		{D09566A4-693D-495A-B02D-C2CC1FCFEC2B}.Release|x64.Build.0 = Release|Any CPU
	EndGlobalSection
	GlobalSection(SolutionProperties) = preSolution
		HideSolutionNode = FALSE
	EndGlobalSection
	GlobalSection(NestedProjects) = preSolution
		{FD2D8DBB-FD8B-4DA0-A251-3C88AF1CE9F7} = {CA892A10-463B-4439-B5AA-D15C168D9117}
		{E7888A66-50C2-427D-9B47-5A924EB3A1DB} = {CA892A10-463B-4439-B5AA-D15C168D9117}
		{0DB41C96-7D02-41EE-8E7B-F2B1024A8659} = {D8EC0278-B4F9-4EF5-A4BE-FE2284C6ECED}
		{96F40ED5-9D9E-4D06-A308-BA76E0F3616C} = {D8EC0278-B4F9-4EF5-A4BE-FE2284C6ECED}
		{75D7E79F-6D04-431B-A268-7BB61925B75B} = {D8EC0278-B4F9-4EF5-A4BE-FE2284C6ECED}
	EndGlobalSection
	GlobalSection(ExtensibilityGlobals) = postSolution
		SolutionGuid = {85020CE7-9EF6-4502-94F6-98643E762B78}
	EndGlobalSection
EndGlobal
