
Microsoft Visual Studio Solution File, Format Version 12.00
# Visual Studio Version 17
VisualStudioVersion = 17.0.31410.414
MinimumVisualStudioVersion = 10.0.40219.1
Project("{2150E333-8FDC-42A3-9474-1A3956D46DE8}") = ".build", ".build", "{4205B27B-0F9D-4FE5-8FC5-8995C60F8EE4}"
	ProjectSection(SolutionItems) = preProject
		.editorconfig = .editorconfig
		Directory.Build.props = Directory.Build.props
		Directory.Build.targets = Directory.Build.targets
		Directory.Packages.props = Directory.Packages.props
		global.json = global.json
		LICENSE = LICENSE
		NuGet.config = NuGet.config
		README.md = README.md
		src\Vortice.MultiTargeting.targets = src\Vortice.MultiTargeting.targets
	EndProjectSection
EndProject
Project("{9A19103F-16F7-4668-BE54-9A1E7A4F7556}") = "Vortice", "src\Vortice\Vortice.csproj", "{EA44EF00-245A-440C-A5E0-A820E6666626}"
EndProject
Project("{9A19103F-16F7-4668-BE54-9A1E7A4F7556}") = "Vortice.Assets", "src\Vortice.Assets\Vortice.Assets.csproj", "{F6A4373B-0A3F-45F1-BA64-7AD30BB7F04C}"
EndProject
Project("{2150E333-8FDC-42A3-9474-1A3956D46DE8}") = "Samples", "Samples", "{D8EC0278-B4F9-4EF5-A4BE-FE2284C6ECED}"
EndProject
Project("{9A19103F-16F7-4668-BE54-9A1E7A4F7556}") = "Vortice.Samples", "src\samples\Vortice.Samples\Vortice.Samples.csproj", "{0DB41C96-7D02-41EE-8E7B-F2B1024A8659}"
EndProject
Project("{9A19103F-16F7-4668-BE54-9A1E7A4F7556}") = "Vortice.Graphics", "src\Vortice.Graphics\Vortice.Graphics.csproj", "{7F3DB9A3-DB97-428A-92C2-0DFE9AE98B86}"
EndProject
Project("{2150E333-8FDC-42A3-9474-1A3956D46DE8}") = "Tests", "Tests", "{861A4A67-56CA-41A3-B395-270AEC746B3D}"
EndProject
Project("{9A19103F-16F7-4668-BE54-9A1E7A4F7556}") = "Vortice.Tests", "src\tests\Vortice.Tests\Vortice.Tests.csproj", "{0944344B-D7A6-4495-A6D4-08B5C5EEF0B4}"
EndProject
Project("{9A19103F-16F7-4668-BE54-9A1E7A4F7556}") = "Vortice.Audio", "src\Vortice.Audio\Vortice.Audio.csproj", "{FCFD3606-A0BF-4AA7-8F03-6505D5D81BF6}"
EndProject
Global
	GlobalSection(SolutionConfigurationPlatforms) = preSolution
		Debug|Any CPU = Debug|Any CPU
		Debug|ARM64 = Debug|ARM64
		Debug|x64 = Debug|x64
		Release|Any CPU = Release|Any CPU
		Release|ARM64 = Release|ARM64
		Release|x64 = Release|x64
	EndGlobalSection
	GlobalSection(ProjectConfigurationPlatforms) = postSolution
		{EA44EF00-245A-440C-A5E0-A820E6666626}.Debug|Any CPU.ActiveCfg = Debug|Any CPU
		{EA44EF00-245A-440C-A5E0-A820E6666626}.Debug|Any CPU.Build.0 = Debug|Any CPU
		{EA44EF00-245A-440C-A5E0-A820E6666626}.Debug|ARM64.ActiveCfg = Debug|Any CPU
		{EA44EF00-245A-440C-A5E0-A820E6666626}.Debug|ARM64.Build.0 = Debug|Any CPU
		{EA44EF00-245A-440C-A5E0-A820E6666626}.Debug|x64.ActiveCfg = Debug|Any CPU
		{EA44EF00-245A-440C-A5E0-A820E6666626}.Debug|x64.Build.0 = Debug|Any CPU
		{EA44EF00-245A-440C-A5E0-A820E6666626}.Release|Any CPU.ActiveCfg = Release|Any CPU
		{EA44EF00-245A-440C-A5E0-A820E6666626}.Release|Any CPU.Build.0 = Release|Any CPU
		{EA44EF00-245A-440C-A5E0-A820E6666626}.Release|ARM64.ActiveCfg = Release|Any CPU
		{EA44EF00-245A-440C-A5E0-A820E6666626}.Release|ARM64.Build.0 = Release|Any CPU
		{EA44EF00-245A-440C-A5E0-A820E6666626}.Release|x64.ActiveCfg = Release|Any CPU
		{EA44EF00-245A-440C-A5E0-A820E6666626}.Release|x64.Build.0 = Release|Any CPU
		{F6A4373B-0A3F-45F1-BA64-7AD30BB7F04C}.Debug|Any CPU.ActiveCfg = Debug|Any CPU
		{F6A4373B-0A3F-45F1-BA64-7AD30BB7F04C}.Debug|Any CPU.Build.0 = Debug|Any CPU
		{F6A4373B-0A3F-45F1-BA64-7AD30BB7F04C}.Debug|ARM64.ActiveCfg = Debug|Any CPU
		{F6A4373B-0A3F-45F1-BA64-7AD30BB7F04C}.Debug|ARM64.Build.0 = Debug|Any CPU
		{F6A4373B-0A3F-45F1-BA64-7AD30BB7F04C}.Debug|x64.ActiveCfg = Debug|Any CPU
		{F6A4373B-0A3F-45F1-BA64-7AD30BB7F04C}.Debug|x64.Build.0 = Debug|Any CPU
		{F6A4373B-0A3F-45F1-BA64-7AD30BB7F04C}.Release|Any CPU.ActiveCfg = Release|Any CPU
		{F6A4373B-0A3F-45F1-BA64-7AD30BB7F04C}.Release|Any CPU.Build.0 = Release|Any CPU
		{F6A4373B-0A3F-45F1-BA64-7AD30BB7F04C}.Release|ARM64.ActiveCfg = Release|Any CPU
		{F6A4373B-0A3F-45F1-BA64-7AD30BB7F04C}.Release|ARM64.Build.0 = Release|Any CPU
		{F6A4373B-0A3F-45F1-BA64-7AD30BB7F04C}.Release|x64.ActiveCfg = Release|Any CPU
		{F6A4373B-0A3F-45F1-BA64-7AD30BB7F04C}.Release|x64.Build.0 = Release|Any CPU
		{0DB41C96-7D02-41EE-8E7B-F2B1024A8659}.Debug|Any CPU.ActiveCfg = Debug|Any CPU
		{0DB41C96-7D02-41EE-8E7B-F2B1024A8659}.Debug|Any CPU.Build.0 = Debug|Any CPU
		{0DB41C96-7D02-41EE-8E7B-F2B1024A8659}.Debug|ARM64.ActiveCfg = Debug|Any CPU
		{0DB41C96-7D02-41EE-8E7B-F2B1024A8659}.Debug|ARM64.Build.0 = Debug|Any CPU
		{0DB41C96-7D02-41EE-8E7B-F2B1024A8659}.Debug|x64.ActiveCfg = Debug|Any CPU
		{0DB41C96-7D02-41EE-8E7B-F2B1024A8659}.Debug|x64.Build.0 = Debug|Any CPU
		{0DB41C96-7D02-41EE-8E7B-F2B1024A8659}.Release|Any CPU.ActiveCfg = Release|Any CPU
		{0DB41C96-7D02-41EE-8E7B-F2B1024A8659}.Release|Any CPU.Build.0 = Release|Any CPU
		{0DB41C96-7D02-41EE-8E7B-F2B1024A8659}.Release|ARM64.ActiveCfg = Release|Any CPU
		{0DB41C96-7D02-41EE-8E7B-F2B1024A8659}.Release|ARM64.Build.0 = Release|Any CPU
		{0DB41C96-7D02-41EE-8E7B-F2B1024A8659}.Release|x64.ActiveCfg = Release|Any CPU
		{0DB41C96-7D02-41EE-8E7B-F2B1024A8659}.Release|x64.Build.0 = Release|Any CPU
		{7F3DB9A3-DB97-428A-92C2-0DFE9AE98B86}.Debug|Any CPU.ActiveCfg = Debug|Any CPU
		{7F3DB9A3-DB97-428A-92C2-0DFE9AE98B86}.Debug|Any CPU.Build.0 = Debug|Any CPU
		{7F3DB9A3-DB97-428A-92C2-0DFE9AE98B86}.Debug|ARM64.ActiveCfg = Debug|Any CPU
		{7F3DB9A3-DB97-428A-92C2-0DFE9AE98B86}.Debug|ARM64.Build.0 = Debug|Any CPU
		{7F3DB9A3-DB97-428A-92C2-0DFE9AE98B86}.Debug|x64.ActiveCfg = Debug|Any CPU
		{7F3DB9A3-DB97-428A-92C2-0DFE9AE98B86}.Debug|x64.Build.0 = Debug|Any CPU
		{7F3DB9A3-DB97-428A-92C2-0DFE9AE98B86}.Release|Any CPU.ActiveCfg = Release|Any CPU
		{7F3DB9A3-DB97-428A-92C2-0DFE9AE98B86}.Release|Any CPU.Build.0 = Release|Any CPU
		{7F3DB9A3-DB97-428A-92C2-0DFE9AE98B86}.Release|ARM64.ActiveCfg = Release|Any CPU
		{7F3DB9A3-DB97-428A-92C2-0DFE9AE98B86}.Release|ARM64.Build.0 = Release|Any CPU
		{7F3DB9A3-DB97-428A-92C2-0DFE9AE98B86}.Release|x64.ActiveCfg = Release|Any CPU
		{7F3DB9A3-DB97-428A-92C2-0DFE9AE98B86}.Release|x64.Build.0 = Release|Any CPU
		{0944344B-D7A6-4495-A6D4-08B5C5EEF0B4}.Debug|Any CPU.ActiveCfg = Debug|Any CPU
		{0944344B-D7A6-4495-A6D4-08B5C5EEF0B4}.Debug|Any CPU.Build.0 = Debug|Any CPU
		{0944344B-D7A6-4495-A6D4-08B5C5EEF0B4}.Debug|ARM64.ActiveCfg = Debug|Any CPU
		{0944344B-D7A6-4495-A6D4-08B5C5EEF0B4}.Debug|ARM64.Build.0 = Debug|Any CPU
		{0944344B-D7A6-4495-A6D4-08B5C5EEF0B4}.Debug|x64.ActiveCfg = Debug|Any CPU
		{0944344B-D7A6-4495-A6D4-08B5C5EEF0B4}.Debug|x64.Build.0 = Debug|Any CPU
		{0944344B-D7A6-4495-A6D4-08B5C5EEF0B4}.Release|Any CPU.ActiveCfg = Release|Any CPU
		{0944344B-D7A6-4495-A6D4-08B5C5EEF0B4}.Release|Any CPU.Build.0 = Release|Any CPU
		{0944344B-D7A6-4495-A6D4-08B5C5EEF0B4}.Release|ARM64.ActiveCfg = Release|Any CPU
		{0944344B-D7A6-4495-A6D4-08B5C5EEF0B4}.Release|ARM64.Build.0 = Release|Any CPU
		{0944344B-D7A6-4495-A6D4-08B5C5EEF0B4}.Release|x64.ActiveCfg = Release|Any CPU
		{0944344B-D7A6-4495-A6D4-08B5C5EEF0B4}.Release|x64.Build.0 = Release|Any CPU
		{FCFD3606-A0BF-4AA7-8F03-6505D5D81BF6}.Debug|Any CPU.ActiveCfg = Debug|Any CPU
		{FCFD3606-A0BF-4AA7-8F03-6505D5D81BF6}.Debug|Any CPU.Build.0 = Debug|Any CPU
		{FCFD3606-A0BF-4AA7-8F03-6505D5D81BF6}.Debug|ARM64.ActiveCfg = Debug|Any CPU
		{FCFD3606-A0BF-4AA7-8F03-6505D5D81BF6}.Debug|ARM64.Build.0 = Debug|Any CPU
		{FCFD3606-A0BF-4AA7-8F03-6505D5D81BF6}.Debug|x64.ActiveCfg = Debug|Any CPU
		{FCFD3606-A0BF-4AA7-8F03-6505D5D81BF6}.Debug|x64.Build.0 = Debug|Any CPU
		{FCFD3606-A0BF-4AA7-8F03-6505D5D81BF6}.Release|Any CPU.ActiveCfg = Release|Any CPU
		{FCFD3606-A0BF-4AA7-8F03-6505D5D81BF6}.Release|Any CPU.Build.0 = Release|Any CPU
		{FCFD3606-A0BF-4AA7-8F03-6505D5D81BF6}.Release|ARM64.ActiveCfg = Release|Any CPU
		{FCFD3606-A0BF-4AA7-8F03-6505D5D81BF6}.Release|ARM64.Build.0 = Release|Any CPU
		{FCFD3606-A0BF-4AA7-8F03-6505D5D81BF6}.Release|x64.ActiveCfg = Release|Any CPU
		{FCFD3606-A0BF-4AA7-8F03-6505D5D81BF6}.Release|x64.Build.0 = Release|Any CPU
	EndGlobalSection
	GlobalSection(SolutionProperties) = preSolution
		HideSolutionNode = FALSE
	EndGlobalSection
	GlobalSection(NestedProjects) = preSolution
		{0DB41C96-7D02-41EE-8E7B-F2B1024A8659} = {D8EC0278-B4F9-4EF5-A4BE-FE2284C6ECED}
		{0944344B-D7A6-4495-A6D4-08B5C5EEF0B4} = {861A4A67-56CA-41A3-B395-270AEC746B3D}
	EndGlobalSection
	GlobalSection(ExtensibilityGlobals) = postSolution
		SolutionGuid = {85020CE7-9EF6-4502-94F6-98643E762B78}
	EndGlobalSection
EndGlobal
